
Microsoft Visual Studio Solution File, Format Version 12.00
# Visual Studio 2013
VisualStudioVersion = 12.0.31101.0
MinimumVisualStudioVersion = 10.0.40219.1
Project("{FAE04EC0-301F-11D3-BF4B-00C04F79EFBC}") = "StacksUsingDotNet", "StacksUsingDotNet\StacksUsingDotNet.csproj", "{97548217-37C6-4E15-8C54-DF81B2BEB0BC}"
EndProject
Project("{FAE04EC0-301F-11D3-BF4B-00C04F79EFBC}") = "UnitTestProjectStack", "UnitTestProjectStack\UnitTestProjectStack.csproj", "{8CE67768-25EB-4282-B007-05CBFC389C99}"
EndProject
Global
	GlobalSection(SolutionConfigurationPlatforms) = preSolution
		Debug|Any CPU = Debug|Any CPU
		Release|Any CPU = Release|Any CPU
	EndGlobalSection
	GlobalSection(ProjectConfigurationPlatforms) = postSolution
		{97548217-37C6-4E15-8C54-DF81B2BEB0BC}.Debug|Any CPU.ActiveCfg = Debug|Any CPU
		{97548217-37C6-4E15-8C54-DF81B2BEB0BC}.Debug|Any CPU.Build.0 = Debug|Any CPU
		{97548217-37C6-4E15-8C54-DF81B2BEB0BC}.Release|Any CPU.ActiveCfg = Release|Any CPU
		{97548217-37C6-4E15-8C54-DF81B2BEB0BC}.Release|Any CPU.Build.0 = Release|Any CPU
		{8CE67768-25EB-4282-B007-05CBFC389C99}.Debug|Any CPU.ActiveCfg = Debug|Any CPU
		{8CE67768-25EB-4282-B007-05CBFC389C99}.Debug|Any CPU.Build.0 = Debug|Any CPU
		{8CE67768-25EB-4282-B007-05CBFC389C99}.Release|Any CPU.ActiveCfg = Release|Any CPU
		{8CE67768-25EB-4282-B007-05CBFC389C99}.Release|Any CPU.Build.0 = Release|Any CPU
	EndGlobalSection
	GlobalSection(SolutionProperties) = preSolution
		HideSolutionNode = FALSE
	EndGlobalSection
EndGlobal
