
Microsoft Visual Studio Solution File, Format Version 12.00
# Visual Studio 15
VisualStudioVersion = 15.0.28307.572
MinimumVisualStudioVersion = 10.0.40219.1
Project("{FAE04EC0-301F-11D3-BF4B-00C04F79EFBC}") = "Threads2019HW", "Threads2019HW\Threads2019HW.csproj", "{958F9EA9-2A8E-4478-9052-C808AA1B9375}"
EndProject
Global
	GlobalSection(SolutionConfigurationPlatforms) = preSolution
		Debug|Any CPU = Debug|Any CPU
		Release|Any CPU = Release|Any CPU
	EndGlobalSection
	GlobalSection(ProjectConfigurationPlatforms) = postSolution
		{958F9EA9-2A8E-4478-9052-C808AA1B9375}.Debug|Any CPU.ActiveCfg = Debug|Any CPU
		{958F9EA9-2A8E-4478-9052-C808AA1B9375}.Debug|Any CPU.Build.0 = Debug|Any CPU
		{958F9EA9-2A8E-4478-9052-C808AA1B9375}.Release|Any CPU.ActiveCfg = Release|Any CPU
		{958F9EA9-2A8E-4478-9052-C808AA1B9375}.Release|Any CPU.Build.0 = Release|Any CPU
	EndGlobalSection
	GlobalSection(SolutionProperties) = preSolution
		HideSolutionNode = FALSE
	EndGlobalSection
	GlobalSection(ExtensibilityGlobals) = postSolution
		SolutionGuid = {FD252005-9B83-4FA6-9CFD-13594D05DCE1}
	EndGlobalSection
EndGlobal
