
Microsoft Visual Studio Solution File, Format Version 12.00
# Visual Studio 15
VisualStudioVersion = 15.0.28307.421
MinimumVisualStudioVersion = 10.0.40219.1
Project("{FAE04EC0-301F-11D3-BF4B-00C04F79EFBC}") = "SmartArrayConsole", "SmartArrayConsole\SmartArrayConsole.csproj", "{C1BE4955-17D7-4E9E-821B-5A80E7BA0558}"
EndProject
Global
	GlobalSection(SolutionConfigurationPlatforms) = preSolution
		Debug|Any CPU = Debug|Any CPU
		Release|Any CPU = Release|Any CPU
	EndGlobalSection
	GlobalSection(ProjectConfigurationPlatforms) = postSolution
		{C1BE4955-17D7-4E9E-821B-5A80E7BA0558}.Debug|Any CPU.ActiveCfg = Debug|Any CPU
		{C1BE4955-17D7-4E9E-821B-5A80E7BA0558}.Debug|Any CPU.Build.0 = Debug|Any CPU
		{C1BE4955-17D7-4E9E-821B-5A80E7BA0558}.Release|Any CPU.ActiveCfg = Release|Any CPU
		{C1BE4955-17D7-4E9E-821B-5A80E7BA0558}.Release|Any CPU.Build.0 = Release|Any CPU
	EndGlobalSection
	GlobalSection(SolutionProperties) = preSolution
		HideSolutionNode = FALSE
	EndGlobalSection
	GlobalSection(ExtensibilityGlobals) = postSolution
		SolutionGuid = {B960C1D5-7C74-4E6E-B7D3-B729A0727C2A}
	EndGlobalSection
EndGlobal
