
Microsoft Visual Studio Solution File, Format Version 12.00
# Visual Studio 15
VisualStudioVersion = 15.0.27703.2018
MinimumVisualStudioVersion = 10.0.40219.1
Project("{FAE04EC0-301F-11D3-BF4B-00C04F79EFBC}") = "SmartArrayConsole", "SmartArrayConsole\SmartArrayConsole.csproj", "{73BB2637-8D01-4A23-A521-31C2C2A539FB}"
EndProject
Project("{FAE04EC0-301F-11D3-BF4B-00C04F79EFBC}") = "UnitTestProject1", "UnitTestProject1\UnitTestProject1.csproj", "{0E48BFD2-CBC0-476B-89D8-AEAEE562079A}"
EndProject
Global
	GlobalSection(SolutionConfigurationPlatforms) = preSolution
		Debug|Any CPU = Debug|Any CPU
		Release|Any CPU = Release|Any CPU
	EndGlobalSection
	GlobalSection(ProjectConfigurationPlatforms) = postSolution
		{73BB2637-8D01-4A23-A521-31C2C2A539FB}.Debug|Any CPU.ActiveCfg = Debug|Any CPU
		{73BB2637-8D01-4A23-A521-31C2C2A539FB}.Debug|Any CPU.Build.0 = Debug|Any CPU
		{73BB2637-8D01-4A23-A521-31C2C2A539FB}.Release|Any CPU.ActiveCfg = Release|Any CPU
		{73BB2637-8D01-4A23-A521-31C2C2A539FB}.Release|Any CPU.Build.0 = Release|Any CPU
		{0E48BFD2-CBC0-476B-89D8-AEAEE562079A}.Debug|Any CPU.ActiveCfg = Debug|Any CPU
		{0E48BFD2-CBC0-476B-89D8-AEAEE562079A}.Debug|Any CPU.Build.0 = Debug|Any CPU
		{0E48BFD2-CBC0-476B-89D8-AEAEE562079A}.Release|Any CPU.ActiveCfg = Release|Any CPU
		{0E48BFD2-CBC0-476B-89D8-AEAEE562079A}.Release|Any CPU.Build.0 = Release|Any CPU
	EndGlobalSection
	GlobalSection(SolutionProperties) = preSolution
		HideSolutionNode = FALSE
	EndGlobalSection
	GlobalSection(ExtensibilityGlobals) = postSolution
		SolutionGuid = {CC80208E-4CDB-41F4-81EC-B4CC1D6358BC}
	EndGlobalSection
EndGlobal
