
Microsoft Visual Studio Solution File, Format Version 12.00
# Visual Studio 2013
VisualStudioVersion = 12.0.30723.0
MinimumVisualStudioVersion = 10.0.40219.1
Project("{FAE04EC0-301F-11D3-BF4B-00C04F79EFBC}") = "Prog260-Heap", "Prog260-Heap\Prog260-Heap.csproj", "{3B0138BE-FD4D-465F-8A64-137F192606F7}"
EndProject
Global
	GlobalSection(SolutionConfigurationPlatforms) = preSolution
		Debug|Any CPU = Debug|Any CPU
		Release|Any CPU = Release|Any CPU
	EndGlobalSection
	GlobalSection(ProjectConfigurationPlatforms) = postSolution
		{3B0138BE-FD4D-465F-8A64-137F192606F7}.Debug|Any CPU.ActiveCfg = Debug|Any CPU
		{3B0138BE-FD4D-465F-8A64-137F192606F7}.Debug|Any CPU.Build.0 = Debug|Any CPU
		{3B0138BE-FD4D-465F-8A64-137F192606F7}.Release|Any CPU.ActiveCfg = Release|Any CPU
		{3B0138BE-FD4D-465F-8A64-137F192606F7}.Release|Any CPU.Build.0 = Release|Any CPU
	EndGlobalSection
	GlobalSection(SolutionProperties) = preSolution
		HideSolutionNode = FALSE
	EndGlobalSection
EndGlobal
