
Microsoft Visual Studio Solution File, Format Version 12.00
# Visual Studio 15
VisualStudioVersion = 15.0.28307.645
MinimumVisualStudioVersion = 10.0.40219.1
Project("{FAE04EC0-301F-11D3-BF4B-00C04F79EFBC}") = "Prog260CourseProject", "Prog260CourseProject\Prog260CourseProject.csproj", "{597864E0-03CB-4418-BA2A-055AEB35F26D}"
EndProject
Global
	GlobalSection(SolutionConfigurationPlatforms) = preSolution
		Debug|Any CPU = Debug|Any CPU
		Release|Any CPU = Release|Any CPU
	EndGlobalSection
	GlobalSection(ProjectConfigurationPlatforms) = postSolution
		{597864E0-03CB-4418-BA2A-055AEB35F26D}.Debug|Any CPU.ActiveCfg = Debug|Any CPU
		{597864E0-03CB-4418-BA2A-055AEB35F26D}.Debug|Any CPU.Build.0 = Debug|Any CPU
		{597864E0-03CB-4418-BA2A-055AEB35F26D}.Release|Any CPU.ActiveCfg = Release|Any CPU
		{597864E0-03CB-4418-BA2A-055AEB35F26D}.Release|Any CPU.Build.0 = Release|Any CPU
	EndGlobalSection
	GlobalSection(SolutionProperties) = preSolution
		HideSolutionNode = FALSE
	EndGlobalSection
	GlobalSection(ExtensibilityGlobals) = postSolution
		SolutionGuid = {BB1737F8-E099-4BC1-BFF3-50B1CC4B70D9}
	EndGlobalSection
EndGlobal
